
Microsoft Visual Studio Solution File, Format Version 12.00
Project("{FAE04EC0-301F-11D3-BF4B-00C04F79EFBC}") = "RevisionWeek.Host", "RevisionWeek.Host\RevisionWeek.Host.csproj", "{BF0D7CDB-486D-4E56-9F3F-204B58EE41BC}"
EndProject
Project("{FAE04EC0-301F-11D3-BF4B-00C04F79EFBC}") = "RevisionWeek.API", "RevisionWeek.API\RevisionWeek.API.csproj", "{E0097B8C-7556-400E-B59D-5F2968EFDEAF}"
EndProject
Project("{FAE04EC0-301F-11D3-BF4B-00C04F79EFBC}") = "RevisionWeek.ServiceDefaults", "RevisionWeek.ServiceDefaults\RevisionWeek.ServiceDefaults.csproj", "{8CD0F27A-A30C-43E2-9C40-10156B1680F1}"
EndProject
Project("{FAE04EC0-301F-11D3-BF4B-00C04F79EFBC}") = "RevisionWeek.Tests", "RevisionWeek.Tests\RevisionWeek.Tests.csproj", "{F2CF4FEC-FE25-4805-9D7C-8743A624E1E1}"
EndProject
Project("{FAE04EC0-301F-11D3-BF4B-00C04F79EFBC}") = "RevisionWeek.Infrastructure", "RevisionWeek.Infrastructure\RevisionWeek.Infrastructure.csproj", "{AC118842-65A8-422B-BA18-E081EF3C07C9}"
EndProject
Project("{FAE04EC0-301F-11D3-BF4B-00C04F79EFBC}") = "Domain", "Domain\Domain.csproj", "{BD738E8E-E111-4492-AEAD-1111B847E850}"
EndProject
Project("{FAE04EC0-301F-11D3-BF4B-00C04F79EFBC}") = "Application", "Application\Application.csproj", "{0CAD405A-8EEF-4A86-8F68-ACE40B233103}"
EndProject
Global
	GlobalSection(SolutionConfigurationPlatforms) = preSolution
		Debug|Any CPU = Debug|Any CPU
		Release|Any CPU = Release|Any CPU
	EndGlobalSection
	GlobalSection(ProjectConfigurationPlatforms) = postSolution
		{BF0D7CDB-486D-4E56-9F3F-204B58EE41BC}.Debug|Any CPU.ActiveCfg = Debug|Any CPU
		{BF0D7CDB-486D-4E56-9F3F-204B58EE41BC}.Debug|Any CPU.Build.0 = Debug|Any CPU
		{BF0D7CDB-486D-4E56-9F3F-204B58EE41BC}.Release|Any CPU.ActiveCfg = Release|Any CPU
		{BF0D7CDB-486D-4E56-9F3F-204B58EE41BC}.Release|Any CPU.Build.0 = Release|Any CPU
		{E0097B8C-7556-400E-B59D-5F2968EFDEAF}.Debug|Any CPU.ActiveCfg = Debug|Any CPU
		{E0097B8C-7556-400E-B59D-5F2968EFDEAF}.Debug|Any CPU.Build.0 = Debug|Any CPU
		{E0097B8C-7556-400E-B59D-5F2968EFDEAF}.Release|Any CPU.ActiveCfg = Release|Any CPU
		{E0097B8C-7556-400E-B59D-5F2968EFDEAF}.Release|Any CPU.Build.0 = Release|Any CPU
		{8CD0F27A-A30C-43E2-9C40-10156B1680F1}.Debug|Any CPU.ActiveCfg = Debug|Any CPU
		{8CD0F27A-A30C-43E2-9C40-10156B1680F1}.Debug|Any CPU.Build.0 = Debug|Any CPU
		{8CD0F27A-A30C-43E2-9C40-10156B1680F1}.Release|Any CPU.ActiveCfg = Release|Any CPU
		{8CD0F27A-A30C-43E2-9C40-10156B1680F1}.Release|Any CPU.Build.0 = Release|Any CPU
		{F2CF4FEC-FE25-4805-9D7C-8743A624E1E1}.Debug|Any CPU.ActiveCfg = Debug|Any CPU
		{F2CF4FEC-FE25-4805-9D7C-8743A624E1E1}.Debug|Any CPU.Build.0 = Debug|Any CPU
		{F2CF4FEC-FE25-4805-9D7C-8743A624E1E1}.Release|Any CPU.ActiveCfg = Release|Any CPU
		{F2CF4FEC-FE25-4805-9D7C-8743A624E1E1}.Release|Any CPU.Build.0 = Release|Any CPU
		{AC118842-65A8-422B-BA18-E081EF3C07C9}.Debug|Any CPU.ActiveCfg = Debug|Any CPU
		{AC118842-65A8-422B-BA18-E081EF3C07C9}.Debug|Any CPU.Build.0 = Debug|Any CPU
		{AC118842-65A8-422B-BA18-E081EF3C07C9}.Release|Any CPU.ActiveCfg = Release|Any CPU
		{AC118842-65A8-422B-BA18-E081EF3C07C9}.Release|Any CPU.Build.0 = Release|Any CPU
		{BD738E8E-E111-4492-AEAD-1111B847E850}.Debug|Any CPU.ActiveCfg = Debug|Any CPU
		{BD738E8E-E111-4492-AEAD-1111B847E850}.Debug|Any CPU.Build.0 = Debug|Any CPU
		{BD738E8E-E111-4492-AEAD-1111B847E850}.Release|Any CPU.ActiveCfg = Release|Any CPU
		{BD738E8E-E111-4492-AEAD-1111B847E850}.Release|Any CPU.Build.0 = Release|Any CPU
		{0CAD405A-8EEF-4A86-8F68-ACE40B233103}.Debug|Any CPU.ActiveCfg = Debug|Any CPU
		{0CAD405A-8EEF-4A86-8F68-ACE40B233103}.Debug|Any CPU.Build.0 = Debug|Any CPU
		{0CAD405A-8EEF-4A86-8F68-ACE40B233103}.Release|Any CPU.ActiveCfg = Release|Any CPU
		{0CAD405A-8EEF-4A86-8F68-ACE40B233103}.Release|Any CPU.Build.0 = Release|Any CPU
	EndGlobalSection
EndGlobal
